
Microsoft Visual Studio Solution File, Format Version 12.00
# Visual Studio Version 17
VisualStudioVersion = 17.1.32328.378
MinimumVisualStudioVersion = 10.0.40219.1
Project("{9A19103F-16F7-4668-BE54-9A1E7A4F7556}") = "Week01_DemoA", "Week01_DemoA\Week01_DemoA.csproj", "{D8C0CDCC-DA2A-4970-B5D0-F75796571A14}"
EndProject
Project("{9A19103F-16F7-4668-BE54-9A1E7A4F7556}") = "Week01_DemoB", "Week01_DemoB\Week01_DemoB.csproj", "{6CCF2311-6861-4712-B2A3-97E911F4637E}"
EndProject
Project("{9A19103F-16F7-4668-BE54-9A1E7A4F7556}") = "ICE01", "ICE01\ICE01.csproj", "{00635117-3854-4772-8740-5662E2AE63D6}"
EndProject
Project("{9A19103F-16F7-4668-BE54-9A1E7A4F7556}") = "Week02_DemoA_PerimeterCalculator", "Week02_DemoA_PerimeterCalculator\Week02_DemoA_PerimeterCalculator.csproj", "{17C74E6E-5874-4071-8E84-0FA0B8361BA8}"
EndProject
Project("{9A19103F-16F7-4668-BE54-9A1E7A4F7556}") = "Week02_DemoB_Temperature_Convertor", "Week02_DemoB_TempConvert\Week02_DemoB_Temperature_Convertor.csproj", "{EE77233C-7849-455E-9BBF-EF640CC38D13}"
EndProject
Project("{9A19103F-16F7-4668-BE54-9A1E7A4F7556}") = "ICE01_a", "ICE01_A\ICE01_a.csproj", "{479A6A55-0BFB-441A-8D50-6C1F960FAAC1}"
EndProject
Project("{9A19103F-16F7-4668-BE54-9A1E7A4F7556}") = "Test", "Test\Test.csproj", "{634ED37A-4157-482A-B7B2-B1E3F3C9C475}"
EndProject
Project("{9A19103F-16F7-4668-BE54-9A1E7A4F7556}") = "Week03_Demo", "Week03_DemoB\Week03_Demo.csproj", "{3CCA2E66-CCC3-404B-9417-598D7C138B8B}"
EndProject
Project("{9A19103F-16F7-4668-BE54-9A1E7A4F7556}") = "LAB01_list", "LAB01_list\LAB01_list.csproj", "{218A178A-02EC-4302-9A72-7417FBA46E45}"
EndProject
Project("{9A19103F-16F7-4668-BE54-9A1E7A4F7556}") = "w4_demo1_BowlingTeam", "w4_demo1_BowlingTeam\w4_demo1_BowlingTeam.csproj", "{A43C61BC-35E5-4ED1-8347-163C79BE8D08}"
EndProject
Project("{9A19103F-16F7-4668-BE54-9A1E7A4F7556}") = "Week04_BowlingScore_rebuilt", "Week04_BowlingScore_rebuilt\Week04_BowlingScore_rebuilt.csproj", "{108BD54A-7E1B-459F-89D9-A4A0A0204BDA}"
EndProject
Project("{9A19103F-16F7-4668-BE54-9A1E7A4F7556}") = "ConsoleForExercise", "ConsoleForExercise\ConsoleForExercise.csproj", "{22CA355F-3ACE-4E62-BD45-3526F96497AF}"
EndProject
Project("{9A19103F-16F7-4668-BE54-9A1E7A4F7556}") = "ICE2_DiseaseCases", "ICE2_DiseaseCases\ICE2_DiseaseCases.csproj", "{B4264C16-7039-44C8-B8E5-5C7E669BECDE}"
EndProject
Project("{9A19103F-16F7-4668-BE54-9A1E7A4F7556}") = "LAB2_Grade", "LAB2_Grade\LAB2_Grade.csproj", "{15A62474-4017-4E46-95E4-2170B705FDE9}"
EndProject
Project("{9A19103F-16F7-4668-BE54-9A1E7A4F7556}") = "W7_Demo_Classes1", "W7_Demo_Classes1\W7_Demo_Classes1.csproj", "{CEE01659-3399-4A65-8599-1D016A307A8C}"
EndProject
Project("{9A19103F-16F7-4668-BE54-9A1E7A4F7556}") = "LAB3_WeeklyCases", "LAB3_WeeklyCases\LAB3_WeeklyCases.csproj", "{33219583-20F9-4612-9851-F164F57BE0D6}"
EndProject
Project("{9A19103F-16F7-4668-BE54-9A1E7A4F7556}") = "Class_Example_cookie", "Class_Example_cookie\Class_Example_cookie.csproj", "{A8BCFEEA-D0AD-4C71-B5EF-80E7630B2627}"
EndProject
Project("{9A19103F-16F7-4668-BE54-9A1E7A4F7556}") = "ICE4", "ICE4\ICE4.csproj", "{FACACDD8-ACB0-4B71-B9B2-E9CCB9EF142B}"
EndProject
Project("{9A19103F-16F7-4668-BE54-9A1E7A4F7556}") = "Week08_Collections", "Week08_Collections(afterMonday)\Week08_Collections.csproj", "{15CFD9C3-8322-4BA5-8FDE-5C2C444E79D9}"
EndProject
Project("{9A19103F-16F7-4668-BE54-9A1E7A4F7556}") = "LAB4_ContactTracer", "LAB4_ContactTracer\LAB4_ContactTracer.csproj", "{FC87AC26-3D95-476A-8EB1-8265D0F1E017}"
EndProject
Project("{9A19103F-16F7-4668-BE54-9A1E7A4F7556}") = "Week09_MultiForms", "Week09_MultiForm\Week09_MultiForms.csproj", "{8C5C4C63-D84C-41C7-99D9-3B65AE758A08}"
EndProject
Project("{9A19103F-16F7-4668-BE54-9A1E7A4F7556}") = "LAB5", "LAB5\LAB5.csproj", "{CC640F00-1C05-4ABC-8D43-36E3E8F69204}"
EndProject
Project("{9A19103F-16F7-4668-BE54-9A1E7A4F7556}") = "Final_Project", "Final_Project\Final_Project.csproj", "{FB28B9E0-5235-4959-8C0B-8D8CB45AF071}"
EndProject
Project("{9A19103F-16F7-4668-BE54-9A1E7A4F7556}") = "Week12_MDIForms", "Week12_MDIForms\Week12_MDIForms.csproj", "{EFFD3CC7-0C10-4BA7-B33F-54939F93FB3B}"
EndProject
Project("{9A19103F-16F7-4668-BE54-9A1E7A4F7556}") = "Lab04_Contact_Tracer", "Lab04_Contact_Tracer 2\Lab04_Contact_Tracer.csproj", "{604AD696-B152-4A86-A917-024E45A3DFBB}"
EndProject
Project("{9A19103F-16F7-4668-BE54-9A1E7A4F7556}") = "CustomerViewer", "CustomerViewer2021-master\CustomerViewer.csproj", "{B6D20B3D-092B-461F-AD31-7C826FE63183}"
EndProject
Project("{9A19103F-16F7-4668-BE54-9A1E7A4F7556}") = "Final_Project_S_E", "Final_Project_edited\Final_Project_S_E.csproj", "{C01FA7C1-E791-4EE8-910F-33F96F6C4BFD}"
EndProject
Global
	GlobalSection(SolutionConfigurationPlatforms) = preSolution
		Debug|Any CPU = Debug|Any CPU
		Final|Any CPU = Final|Any CPU
		Release|Any CPU = Release|Any CPU
	EndGlobalSection
	GlobalSection(ProjectConfigurationPlatforms) = postSolution
		{D8C0CDCC-DA2A-4970-B5D0-F75796571A14}.Debug|Any CPU.ActiveCfg = Debug|Any CPU
		{D8C0CDCC-DA2A-4970-B5D0-F75796571A14}.Debug|Any CPU.Build.0 = Debug|Any CPU
		{D8C0CDCC-DA2A-4970-B5D0-F75796571A14}.Final|Any CPU.ActiveCfg = Release|Any CPU
		{D8C0CDCC-DA2A-4970-B5D0-F75796571A14}.Final|Any CPU.Build.0 = Release|Any CPU
		{D8C0CDCC-DA2A-4970-B5D0-F75796571A14}.Release|Any CPU.ActiveCfg = Release|Any CPU
		{D8C0CDCC-DA2A-4970-B5D0-F75796571A14}.Release|Any CPU.Build.0 = Release|Any CPU
		{6CCF2311-6861-4712-B2A3-97E911F4637E}.Debug|Any CPU.ActiveCfg = Debug|Any CPU
		{6CCF2311-6861-4712-B2A3-97E911F4637E}.Debug|Any CPU.Build.0 = Debug|Any CPU
		{6CCF2311-6861-4712-B2A3-97E911F4637E}.Final|Any CPU.ActiveCfg = Release|Any CPU
		{6CCF2311-6861-4712-B2A3-97E911F4637E}.Final|Any CPU.Build.0 = Release|Any CPU
		{6CCF2311-6861-4712-B2A3-97E911F4637E}.Release|Any CPU.ActiveCfg = Release|Any CPU
		{6CCF2311-6861-4712-B2A3-97E911F4637E}.Release|Any CPU.Build.0 = Release|Any CPU
		{00635117-3854-4772-8740-5662E2AE63D6}.Debug|Any CPU.ActiveCfg = Debug|Any CPU
		{00635117-3854-4772-8740-5662E2AE63D6}.Debug|Any CPU.Build.0 = Debug|Any CPU
		{00635117-3854-4772-8740-5662E2AE63D6}.Final|Any CPU.ActiveCfg = Release|Any CPU
		{00635117-3854-4772-8740-5662E2AE63D6}.Final|Any CPU.Build.0 = Release|Any CPU
		{00635117-3854-4772-8740-5662E2AE63D6}.Release|Any CPU.ActiveCfg = Release|Any CPU
		{00635117-3854-4772-8740-5662E2AE63D6}.Release|Any CPU.Build.0 = Release|Any CPU
		{17C74E6E-5874-4071-8E84-0FA0B8361BA8}.Debug|Any CPU.ActiveCfg = Debug|Any CPU
		{17C74E6E-5874-4071-8E84-0FA0B8361BA8}.Debug|Any CPU.Build.0 = Debug|Any CPU
		{17C74E6E-5874-4071-8E84-0FA0B8361BA8}.Final|Any CPU.ActiveCfg = Release|Any CPU
		{17C74E6E-5874-4071-8E84-0FA0B8361BA8}.Final|Any CPU.Build.0 = Release|Any CPU
		{17C74E6E-5874-4071-8E84-0FA0B8361BA8}.Release|Any CPU.ActiveCfg = Release|Any CPU
		{17C74E6E-5874-4071-8E84-0FA0B8361BA8}.Release|Any CPU.Build.0 = Release|Any CPU
		{EE77233C-7849-455E-9BBF-EF640CC38D13}.Debug|Any CPU.ActiveCfg = Debug|Any CPU
		{EE77233C-7849-455E-9BBF-EF640CC38D13}.Debug|Any CPU.Build.0 = Debug|Any CPU
		{EE77233C-7849-455E-9BBF-EF640CC38D13}.Final|Any CPU.ActiveCfg = Release|Any CPU
		{EE77233C-7849-455E-9BBF-EF640CC38D13}.Final|Any CPU.Build.0 = Release|Any CPU
		{EE77233C-7849-455E-9BBF-EF640CC38D13}.Release|Any CPU.ActiveCfg = Release|Any CPU
		{EE77233C-7849-455E-9BBF-EF640CC38D13}.Release|Any CPU.Build.0 = Release|Any CPU
		{479A6A55-0BFB-441A-8D50-6C1F960FAAC1}.Debug|Any CPU.ActiveCfg = Debug|Any CPU
		{479A6A55-0BFB-441A-8D50-6C1F960FAAC1}.Debug|Any CPU.Build.0 = Debug|Any CPU
		{479A6A55-0BFB-441A-8D50-6C1F960FAAC1}.Final|Any CPU.ActiveCfg = Release|Any CPU
		{479A6A55-0BFB-441A-8D50-6C1F960FAAC1}.Final|Any CPU.Build.0 = Release|Any CPU
		{479A6A55-0BFB-441A-8D50-6C1F960FAAC1}.Release|Any CPU.ActiveCfg = Release|Any CPU
		{479A6A55-0BFB-441A-8D50-6C1F960FAAC1}.Release|Any CPU.Build.0 = Release|Any CPU
		{634ED37A-4157-482A-B7B2-B1E3F3C9C475}.Debug|Any CPU.ActiveCfg = Debug|Any CPU
		{634ED37A-4157-482A-B7B2-B1E3F3C9C475}.Debug|Any CPU.Build.0 = Debug|Any CPU
		{634ED37A-4157-482A-B7B2-B1E3F3C9C475}.Final|Any CPU.ActiveCfg = Release|Any CPU
		{634ED37A-4157-482A-B7B2-B1E3F3C9C475}.Final|Any CPU.Build.0 = Release|Any CPU
		{634ED37A-4157-482A-B7B2-B1E3F3C9C475}.Release|Any CPU.ActiveCfg = Release|Any CPU
		{634ED37A-4157-482A-B7B2-B1E3F3C9C475}.Release|Any CPU.Build.0 = Release|Any CPU
		{3CCA2E66-CCC3-404B-9417-598D7C138B8B}.Debug|Any CPU.ActiveCfg = Debug|Any CPU
		{3CCA2E66-CCC3-404B-9417-598D7C138B8B}.Debug|Any CPU.Build.0 = Debug|Any CPU
		{3CCA2E66-CCC3-404B-9417-598D7C138B8B}.Final|Any CPU.ActiveCfg = Release|Any CPU
		{3CCA2E66-CCC3-404B-9417-598D7C138B8B}.Final|Any CPU.Build.0 = Release|Any CPU
		{3CCA2E66-CCC3-404B-9417-598D7C138B8B}.Release|Any CPU.ActiveCfg = Release|Any CPU
		{3CCA2E66-CCC3-404B-9417-598D7C138B8B}.Release|Any CPU.Build.0 = Release|Any CPU
		{218A178A-02EC-4302-9A72-7417FBA46E45}.Debug|Any CPU.ActiveCfg = Debug|Any CPU
		{218A178A-02EC-4302-9A72-7417FBA46E45}.Debug|Any CPU.Build.0 = Debug|Any CPU
		{218A178A-02EC-4302-9A72-7417FBA46E45}.Final|Any CPU.ActiveCfg = Release|Any CPU
		{218A178A-02EC-4302-9A72-7417FBA46E45}.Final|Any CPU.Build.0 = Release|Any CPU
		{218A178A-02EC-4302-9A72-7417FBA46E45}.Release|Any CPU.ActiveCfg = Release|Any CPU
		{218A178A-02EC-4302-9A72-7417FBA46E45}.Release|Any CPU.Build.0 = Release|Any CPU
		{A43C61BC-35E5-4ED1-8347-163C79BE8D08}.Debug|Any CPU.ActiveCfg = Debug|Any CPU
		{A43C61BC-35E5-4ED1-8347-163C79BE8D08}.Debug|Any CPU.Build.0 = Debug|Any CPU
		{A43C61BC-35E5-4ED1-8347-163C79BE8D08}.Final|Any CPU.ActiveCfg = Release|Any CPU
		{A43C61BC-35E5-4ED1-8347-163C79BE8D08}.Final|Any CPU.Build.0 = Release|Any CPU
		{A43C61BC-35E5-4ED1-8347-163C79BE8D08}.Release|Any CPU.ActiveCfg = Release|Any CPU
		{A43C61BC-35E5-4ED1-8347-163C79BE8D08}.Release|Any CPU.Build.0 = Release|Any CPU
		{108BD54A-7E1B-459F-89D9-A4A0A0204BDA}.Debug|Any CPU.ActiveCfg = Debug|Any CPU
		{108BD54A-7E1B-459F-89D9-A4A0A0204BDA}.Debug|Any CPU.Build.0 = Debug|Any CPU
		{108BD54A-7E1B-459F-89D9-A4A0A0204BDA}.Final|Any CPU.ActiveCfg = Release|Any CPU
		{108BD54A-7E1B-459F-89D9-A4A0A0204BDA}.Final|Any CPU.Build.0 = Release|Any CPU
		{108BD54A-7E1B-459F-89D9-A4A0A0204BDA}.Release|Any CPU.ActiveCfg = Release|Any CPU
		{108BD54A-7E1B-459F-89D9-A4A0A0204BDA}.Release|Any CPU.Build.0 = Release|Any CPU
		{22CA355F-3ACE-4E62-BD45-3526F96497AF}.Debug|Any CPU.ActiveCfg = Debug|Any CPU
		{22CA355F-3ACE-4E62-BD45-3526F96497AF}.Debug|Any CPU.Build.0 = Debug|Any CPU
		{22CA355F-3ACE-4E62-BD45-3526F96497AF}.Final|Any CPU.ActiveCfg = Release|Any CPU
		{22CA355F-3ACE-4E62-BD45-3526F96497AF}.Final|Any CPU.Build.0 = Release|Any CPU
		{22CA355F-3ACE-4E62-BD45-3526F96497AF}.Release|Any CPU.ActiveCfg = Release|Any CPU
		{22CA355F-3ACE-4E62-BD45-3526F96497AF}.Release|Any CPU.Build.0 = Release|Any CPU
		{B4264C16-7039-44C8-B8E5-5C7E669BECDE}.Debug|Any CPU.ActiveCfg = Debug|Any CPU
		{B4264C16-7039-44C8-B8E5-5C7E669BECDE}.Debug|Any CPU.Build.0 = Debug|Any CPU
		{B4264C16-7039-44C8-B8E5-5C7E669BECDE}.Final|Any CPU.ActiveCfg = Release|Any CPU
		{B4264C16-7039-44C8-B8E5-5C7E669BECDE}.Final|Any CPU.Build.0 = Release|Any CPU
		{B4264C16-7039-44C8-B8E5-5C7E669BECDE}.Release|Any CPU.ActiveCfg = Release|Any CPU
		{B4264C16-7039-44C8-B8E5-5C7E669BECDE}.Release|Any CPU.Build.0 = Release|Any CPU
		{15A62474-4017-4E46-95E4-2170B705FDE9}.Debug|Any CPU.ActiveCfg = Debug|Any CPU
		{15A62474-4017-4E46-95E4-2170B705FDE9}.Debug|Any CPU.Build.0 = Debug|Any CPU
		{15A62474-4017-4E46-95E4-2170B705FDE9}.Final|Any CPU.ActiveCfg = Release|Any CPU
		{15A62474-4017-4E46-95E4-2170B705FDE9}.Final|Any CPU.Build.0 = Release|Any CPU
		{15A62474-4017-4E46-95E4-2170B705FDE9}.Release|Any CPU.ActiveCfg = Release|Any CPU
		{15A62474-4017-4E46-95E4-2170B705FDE9}.Release|Any CPU.Build.0 = Release|Any CPU
		{CEE01659-3399-4A65-8599-1D016A307A8C}.Debug|Any CPU.ActiveCfg = Debug|Any CPU
		{CEE01659-3399-4A65-8599-1D016A307A8C}.Debug|Any CPU.Build.0 = Debug|Any CPU
		{CEE01659-3399-4A65-8599-1D016A307A8C}.Final|Any CPU.ActiveCfg = Release|Any CPU
		{CEE01659-3399-4A65-8599-1D016A307A8C}.Final|Any CPU.Build.0 = Release|Any CPU
		{CEE01659-3399-4A65-8599-1D016A307A8C}.Release|Any CPU.ActiveCfg = Release|Any CPU
		{CEE01659-3399-4A65-8599-1D016A307A8C}.Release|Any CPU.Build.0 = Release|Any CPU
		{33219583-20F9-4612-9851-F164F57BE0D6}.Debug|Any CPU.ActiveCfg = Debug|Any CPU
		{33219583-20F9-4612-9851-F164F57BE0D6}.Debug|Any CPU.Build.0 = Debug|Any CPU
		{33219583-20F9-4612-9851-F164F57BE0D6}.Final|Any CPU.ActiveCfg = Release|Any CPU
		{33219583-20F9-4612-9851-F164F57BE0D6}.Final|Any CPU.Build.0 = Release|Any CPU
		{33219583-20F9-4612-9851-F164F57BE0D6}.Release|Any CPU.ActiveCfg = Release|Any CPU
		{33219583-20F9-4612-9851-F164F57BE0D6}.Release|Any CPU.Build.0 = Release|Any CPU
		{A8BCFEEA-D0AD-4C71-B5EF-80E7630B2627}.Debug|Any CPU.ActiveCfg = Debug|Any CPU
		{A8BCFEEA-D0AD-4C71-B5EF-80E7630B2627}.Debug|Any CPU.Build.0 = Debug|Any CPU
		{A8BCFEEA-D0AD-4C71-B5EF-80E7630B2627}.Final|Any CPU.ActiveCfg = Release|Any CPU
		{A8BCFEEA-D0AD-4C71-B5EF-80E7630B2627}.Final|Any CPU.Build.0 = Release|Any CPU
		{A8BCFEEA-D0AD-4C71-B5EF-80E7630B2627}.Release|Any CPU.ActiveCfg = Release|Any CPU
		{A8BCFEEA-D0AD-4C71-B5EF-80E7630B2627}.Release|Any CPU.Build.0 = Release|Any CPU
		{FACACDD8-ACB0-4B71-B9B2-E9CCB9EF142B}.Debug|Any CPU.ActiveCfg = Debug|Any CPU
		{FACACDD8-ACB0-4B71-B9B2-E9CCB9EF142B}.Debug|Any CPU.Build.0 = Debug|Any CPU
		{FACACDD8-ACB0-4B71-B9B2-E9CCB9EF142B}.Final|Any CPU.ActiveCfg = Release|Any CPU
		{FACACDD8-ACB0-4B71-B9B2-E9CCB9EF142B}.Final|Any CPU.Build.0 = Release|Any CPU
		{FACACDD8-ACB0-4B71-B9B2-E9CCB9EF142B}.Release|Any CPU.ActiveCfg = Release|Any CPU
		{FACACDD8-ACB0-4B71-B9B2-E9CCB9EF142B}.Release|Any CPU.Build.0 = Release|Any CPU
		{15CFD9C3-8322-4BA5-8FDE-5C2C444E79D9}.Debug|Any CPU.ActiveCfg = Debug|Any CPU
		{15CFD9C3-8322-4BA5-8FDE-5C2C444E79D9}.Debug|Any CPU.Build.0 = Debug|Any CPU
		{15CFD9C3-8322-4BA5-8FDE-5C2C444E79D9}.Final|Any CPU.ActiveCfg = Release|Any CPU
		{15CFD9C3-8322-4BA5-8FDE-5C2C444E79D9}.Final|Any CPU.Build.0 = Release|Any CPU
		{15CFD9C3-8322-4BA5-8FDE-5C2C444E79D9}.Release|Any CPU.ActiveCfg = Release|Any CPU
		{15CFD9C3-8322-4BA5-8FDE-5C2C444E79D9}.Release|Any CPU.Build.0 = Release|Any CPU
		{FC87AC26-3D95-476A-8EB1-8265D0F1E017}.Debug|Any CPU.ActiveCfg = Debug|Any CPU
		{FC87AC26-3D95-476A-8EB1-8265D0F1E017}.Debug|Any CPU.Build.0 = Debug|Any CPU
		{FC87AC26-3D95-476A-8EB1-8265D0F1E017}.Final|Any CPU.ActiveCfg = Release|Any CPU
		{FC87AC26-3D95-476A-8EB1-8265D0F1E017}.Final|Any CPU.Build.0 = Release|Any CPU
		{FC87AC26-3D95-476A-8EB1-8265D0F1E017}.Release|Any CPU.ActiveCfg = Release|Any CPU
		{FC87AC26-3D95-476A-8EB1-8265D0F1E017}.Release|Any CPU.Build.0 = Release|Any CPU
		{8C5C4C63-D84C-41C7-99D9-3B65AE758A08}.Debug|Any CPU.ActiveCfg = Debug|Any CPU
		{8C5C4C63-D84C-41C7-99D9-3B65AE758A08}.Debug|Any CPU.Build.0 = Debug|Any CPU
		{8C5C4C63-D84C-41C7-99D9-3B65AE758A08}.Final|Any CPU.ActiveCfg = Release|Any CPU
		{8C5C4C63-D84C-41C7-99D9-3B65AE758A08}.Final|Any CPU.Build.0 = Release|Any CPU
		{8C5C4C63-D84C-41C7-99D9-3B65AE758A08}.Release|Any CPU.ActiveCfg = Release|Any CPU
		{8C5C4C63-D84C-41C7-99D9-3B65AE758A08}.Release|Any CPU.Build.0 = Release|Any CPU
		{CC640F00-1C05-4ABC-8D43-36E3E8F69204}.Debug|Any CPU.ActiveCfg = Debug|Any CPU
		{CC640F00-1C05-4ABC-8D43-36E3E8F69204}.Debug|Any CPU.Build.0 = Debug|Any CPU
		{CC640F00-1C05-4ABC-8D43-36E3E8F69204}.Final|Any CPU.ActiveCfg = Release|Any CPU
		{CC640F00-1C05-4ABC-8D43-36E3E8F69204}.Final|Any CPU.Build.0 = Release|Any CPU
		{CC640F00-1C05-4ABC-8D43-36E3E8F69204}.Release|Any CPU.ActiveCfg = Release|Any CPU
		{CC640F00-1C05-4ABC-8D43-36E3E8F69204}.Release|Any CPU.Build.0 = Release|Any CPU
		{FB28B9E0-5235-4959-8C0B-8D8CB45AF071}.Debug|Any CPU.ActiveCfg = Debug|Any CPU
		{FB28B9E0-5235-4959-8C0B-8D8CB45AF071}.Debug|Any CPU.Build.0 = Debug|Any CPU
		{FB28B9E0-5235-4959-8C0B-8D8CB45AF071}.Final|Any CPU.ActiveCfg = Final|Any CPU
		{FB28B9E0-5235-4959-8C0B-8D8CB45AF071}.Final|Any CPU.Build.0 = Final|Any CPU
		{FB28B9E0-5235-4959-8C0B-8D8CB45AF071}.Release|Any CPU.ActiveCfg = Release|Any CPU
		{FB28B9E0-5235-4959-8C0B-8D8CB45AF071}.Release|Any CPU.Build.0 = Release|Any CPU
		{EFFD3CC7-0C10-4BA7-B33F-54939F93FB3B}.Debug|Any CPU.ActiveCfg = Debug|Any CPU
		{EFFD3CC7-0C10-4BA7-B33F-54939F93FB3B}.Debug|Any CPU.Build.0 = Debug|Any CPU
		{EFFD3CC7-0C10-4BA7-B33F-54939F93FB3B}.Final|Any CPU.ActiveCfg = Release|Any CPU
		{EFFD3CC7-0C10-4BA7-B33F-54939F93FB3B}.Final|Any CPU.Build.0 = Release|Any CPU
		{EFFD3CC7-0C10-4BA7-B33F-54939F93FB3B}.Release|Any CPU.ActiveCfg = Release|Any CPU
		{EFFD3CC7-0C10-4BA7-B33F-54939F93FB3B}.Release|Any CPU.Build.0 = Release|Any CPU
		{604AD696-B152-4A86-A917-024E45A3DFBB}.Debug|Any CPU.ActiveCfg = Debug|Any CPU
		{604AD696-B152-4A86-A917-024E45A3DFBB}.Debug|Any CPU.Build.0 = Debug|Any CPU
		{604AD696-B152-4A86-A917-024E45A3DFBB}.Final|Any CPU.ActiveCfg = Release|Any CPU
		{604AD696-B152-4A86-A917-024E45A3DFBB}.Final|Any CPU.Build.0 = Release|Any CPU
		{604AD696-B152-4A86-A917-024E45A3DFBB}.Release|Any CPU.ActiveCfg = Release|Any CPU
		{604AD696-B152-4A86-A917-024E45A3DFBB}.Release|Any CPU.Build.0 = Release|Any CPU
		{B6D20B3D-092B-461F-AD31-7C826FE63183}.Debug|Any CPU.ActiveCfg = Debug|Any CPU
		{B6D20B3D-092B-461F-AD31-7C826FE63183}.Debug|Any CPU.Build.0 = Debug|Any CPU
		{B6D20B3D-092B-461F-AD31-7C826FE63183}.Final|Any CPU.ActiveCfg = Release|Any CPU
		{B6D20B3D-092B-461F-AD31-7C826FE63183}.Final|Any CPU.Build.0 = Release|Any CPU
		{B6D20B3D-092B-461F-AD31-7C826FE63183}.Release|Any CPU.ActiveCfg = Release|Any CPU
		{B6D20B3D-092B-461F-AD31-7C826FE63183}.Release|Any CPU.Build.0 = Release|Any CPU
		{C01FA7C1-E791-4EE8-910F-33F96F6C4BFD}.Debug|Any CPU.ActiveCfg = Debug|Any CPU
		{C01FA7C1-E791-4EE8-910F-33F96F6C4BFD}.Debug|Any CPU.Build.0 = Debug|Any CPU
		{C01FA7C1-E791-4EE8-910F-33F96F6C4BFD}.Final|Any CPU.ActiveCfg = Final|Any CPU
		{C01FA7C1-E791-4EE8-910F-33F96F6C4BFD}.Final|Any CPU.Build.0 = Final|Any CPU
		{C01FA7C1-E791-4EE8-910F-33F96F6C4BFD}.Release|Any CPU.ActiveCfg = Release|Any CPU
		{C01FA7C1-E791-4EE8-910F-33F96F6C4BFD}.Release|Any CPU.Build.0 = Release|Any CPU
	EndGlobalSection
	GlobalSection(SolutionProperties) = preSolution
		HideSolutionNode = FALSE
	EndGlobalSection
	GlobalSection(ExtensibilityGlobals) = postSolution
		SolutionGuid = {107E2AEB-6910-40E9-83BE-3193BB28CB12}
	EndGlobalSection
EndGlobal
